<?xml version="1.0" encoding="utf-8"?>
<Project ToolsVersion="4.0" xmlns="http://schemas.microsoft.com/developer/msbuild/2003">
  <ItemGroup>
    <Filter Include="Header Files">
      <UniqueIdentifier>{93995380-89BD-4b04-88EB-625FBE52EBFB}</UniqueIdentifier>
      <Extensions>h;hh;hpp;hxx;hm;inl;inc;xsd</Extensions>
    </Filter>
    <Filter Include="Test Files">
      <UniqueIdentifier>{4FC737F1-C7A5-4376-A066-2A32D752A2FF}</UniqueIdentifier>
      <Extensions>cpp;c;cc;cxx;def;odl;idl;hpj;bat;asm;asmx</Extensions>
    </Filter>
    <Filter Include="Source Files">
      <UniqueIdentifier>{67DA6AB6-F800-4c08-8B7A-83BB121AAD01}</UniqueIdentifier>
      <Extensions>rc;ico;cur;bmp;dlg;rc2;rct;bin;rgs;gif;jpg;jpeg;jpe;resx;tiff;tif;png;wav;mfcribbon-ms</Extensions>
    </Filter>
    <Filter Include="Data">
      <UniqueIdentifier>{8f4f5bdf-f3e6-44a1-bcc4-6b9e826224f2}</UniqueIdentifier>
    </Filter>
    <Filter Include="Source Files\utility">
      <UniqueIdentifier>{1659da49-5c08-41c9-afa3-15912922028d}</UniqueIdentifier>
    </Filter>
    <Filter Include="Header Files\utility">
      <UniqueIdentifier>{10a2a000-7499-47e5-9558-4c476be73122}</UniqueIdentifier>
    </Filter>
    <Filter Include="Header Files\tracking">
      <UniqueIdentifier>{6dfbbf6c-2726-4a9e-b095-c543807ad10d}</UniqueIdentifier>
    </Filter>
    <Filter Include="Source Files\tracking">
      <UniqueIdentifier>{5904cbda-5ef4-4c0d-8776-ed987c01d6d0}</UniqueIdentifier>
    </Filter>
    <Filter Include="Header Files\com">
      <UniqueIdentifier>{88fd13e5-3eec-4d1c-bcfc-757af2ab15d8}</UniqueIdentifier>
    </Filter>
    <Filter Include="Source Files\com">
      <UniqueIdentifier>{497f524f-00e6-4f9c-bc3e-c66072628c41}</UniqueIdentifier>
    </Filter>
    <Filter Include="mocks">
      <UniqueIdentifier>{d5d70ae2-aec3-4fca-b687-038a84806fab}</UniqueIdentifier>
    </Filter>
  </ItemGroup>
  <ItemGroup>
    <ClCompile Include="..\..\..\src\main.cpp">
      <Filter>Test Files</Filter>
    </ClCompile>
    <ClCompile Include="..\..\..\src\test_Rectangle.cpp">
      <Filter>Test Files</Filter>
    </ClCompile>
    <ClCompile Include="..\..\..\src\test_FeatureFinder.cpp">
      <Filter>Test Files</Filter>
    </ClCompile>
    <ClCompile Include="..\..\..\src\test_Quaternion.cpp">
      <Filter>Test Files</Filter>
    </ClCompile>
    <ClCompile Include="..\..\..\..\head_tracking\Calibrator.cpp">
      <Filter>Source Files</Filter>
    </ClCompile>
    <ClCompile Include="..\..\..\..\head_tracking\utility\Quarternion.cpp">
      <Filter>Source Files\utility</Filter>
    </ClCompile>
    <ClCompile Include="..\..\..\..\head_tracking\tracking\Feature.cpp">
      <Filter>Source Files\tracking</Filter>
    </ClCompile>
    <ClCompile Include="..\..\..\..\head_tracking\tracking\MarkerTracker.cpp">
      <Filter>Source Files\tracking</Filter>
    </ClCompile>
    <ClCompile Include="..\..\..\..\head_tracking\tracking\FeatureFinder.cpp">
      <Filter>Source Files\tracking</Filter>
    </ClCompile>
    <ClCompile Include="..\..\..\..\head_tracking\utility\YUVImage.cpp">
      <Filter>Source Files\utility</Filter>
    </ClCompile>
    <ClCompile Include="..\..\..\src\test_MarkerTracker.cpp">
      <Filter>Test Files</Filter>
    </ClCompile>
    <ClCompile Include="..\..\..\src\test_YUVImage.cpp">
      <Filter>Test Files</Filter>
    </ClCompile>
    <ClCompile Include="..\..\..\src\test_Vector3.cpp">
      <Filter>Test Files</Filter>
    </ClCompile>
    <ClCompile Include="..\..\..\..\head_tracking\utility\Rectangle.cpp">
      <Filter>Source Files\utility</Filter>
    </ClCompile>
    <ClCompile Include="..\..\..\..\head_tracking\utility\Vector3f.cpp">
      <Filter>Source Files\utility</Filter>
    </ClCompile>
    <ClCompile Include="..\..\..\..\head_tracking\utility\Transformation.cpp">
      <Filter>Source Files\utility</Filter>
    </ClCompile>
    <ClCompile Include="..\..\..\..\head_tracking\com\COBS.cpp">
      <Filter>Source Files\com</Filter>
    </ClCompile>
    <ClCompile Include="..\..\..\src\test_COBS.cpp">
      <Filter>Test Files</Filter>
    </ClCompile>
    <ClCompile Include="..\..\..\src\mock\MockController.cpp">
      <Filter>mocks</Filter>
    </ClCompile>
    <ClCompile Include="test_Controller.cpp">
      <Filter>Test Files</Filter>
    </ClCompile>
    <ClCompile Include="..\..\..\..\head_tracking\com\CommandParser.cpp">
      <Filter>Source Files\com</Filter>
    </ClCompile>
    <ClCompile Include="test_Calibrator.cpp">
      <Filter>Test Files</Filter>
    </ClCompile>
  </ItemGroup>
  <ItemGroup>
    <ClInclude Include="..\..\..\..\head_tracking\Calibrator.h">
      <Filter>Header Files</Filter>
    </ClInclude>
    <ClInclude Include="..\..\..\..\head_tracking\utility\Quarternion.h">
      <Filter>Header Files\utility</Filter>
    </ClInclude>
    <ClInclude Include="..\..\..\..\head_tracking\tracking\Feature.h">
      <Filter>Header Files\tracking</Filter>
    </ClInclude>
    <ClInclude Include="..\..\..\..\head_tracking\tracking\MarkerTracker.h">
      <Filter>Header Files\tracking</Filter>
    </ClInclude>
    <ClInclude Include="..\..\..\..\head_tracking\tracking\FeatureFinder.h">
      <Filter>Header Files\tracking</Filter>
    </ClInclude>
    <ClInclude Include="..\..\..\..\head_tracking\utility\YUVImage.h">
      <Filter>Header Files\utility</Filter>
    </ClInclude>
    <ClInclude Include="..\..\..\..\head_tracking\utility\Vector3f.h">
      <Filter>Header Files\utility</Filter>
    </ClInclude>
    <ClInclude Include="..\..\..\..\head_tracking\utility\Rectangle.h">
      <Filter>Header Files\utility</Filter>
    </ClInclude>
    <ClInclude Include="..\..\..\..\head_tracking\utility\Transformation.h">
      <Filter>Header Files\utility</Filter>
    </ClInclude>
    <ClInclude Include="..\..\..\..\head_tracking\ControllerInterface.h">
      <Filter>Header Files</Filter>
    </ClInclude>
    <ClInclude Include="..\..\..\src\mock\MockController.h">
      <Filter>mocks</Filter>
    </ClInclude>
    <ClInclude Include="..\..\..\..\head_tracking\com\COBS.h">
      <Filter>Header Files\com</Filter>
    </ClInclude>
    <ClInclude Include="..\..\..\..\head_tracking\com\CommandParser.h">
      <Filter>Header Files\com</Filter>
    </ClInclude>
    <ClInclude Include="..\..\..\..\head_tracking\com\SerialInterface.h">
      <Filter>Header Files\com</Filter>
    </ClInclude>
  </ItemGroup>
  <ItemGroup>
    <None Include="..\..\..\data\ir_tracking_easy.avi">
      <Filter>Data</Filter>
    </None>
    <None Include="..\..\..\data\ir_tracking_stress.avi">
      <Filter>Data</Filter>
    </None>
  </ItemGroup>
</Project>